
Microsoft Visual Studio Solution File, Format Version 12.00
# Visual Studio Version 17
VisualStudioVersion = 17.1.32210.238
MinimumVisualStudioVersion = 10.0.40219.1
Project("{FAE04EC0-301F-11D3-BF4B-00C04F79EFBC}") = "Uri1012", "Uri1012\Uri1012.csproj", "{812E637B-BF6A-4EDA-9EA8-7A1F803D22DE}"
EndProject
Global
	GlobalSection(SolutionConfigurationPlatforms) = preSolution
		Debug|Any CPU = Debug|Any CPU
		Release|Any CPU = Release|Any CPU
	EndGlobalSection
	GlobalSection(ProjectConfigurationPlatforms) = postSolution
		{812E637B-BF6A-4EDA-9EA8-7A1F803D22DE}.Debug|Any CPU.ActiveCfg = Debug|Any CPU
		{812E637B-BF6A-4EDA-9EA8-7A1F803D22DE}.Debug|Any CPU.Build.0 = Debug|Any CPU
		{812E637B-BF6A-4EDA-9EA8-7A1F803D22DE}.Release|Any CPU.ActiveCfg = Release|Any CPU
		{812E637B-BF6A-4EDA-9EA8-7A1F803D22DE}.Release|Any CPU.Build.0 = Release|Any CPU
	EndGlobalSection
	GlobalSection(SolutionProperties) = preSolution
		HideSolutionNode = FALSE
	EndGlobalSection
	GlobalSection(ExtensibilityGlobals) = postSolution
		SolutionGuid = {942DDB75-A885-4FC1-8032-F8687CC4AAC1}
	EndGlobalSection
EndGlobal
